
Microsoft Visual Studio Solution File, Format Version 12.00
# Visual Studio Version 17
VisualStudioVersion = 17.11.35327.3
MinimumVisualStudioVersion = 10.0.40219.1
Project("{FAE04EC0-301F-11D3-BF4B-00C04F79EFBC}") = "RestaurantProjectAPILayer", "RestaurantProjectAPILayer.csproj", "{A1ADCD67-D0DE-4D9B-9906-3F10BE088360}"
EndProject
Project("{FAE04EC0-301F-11D3-BF4B-00C04F79EFBC}") = "RestaurantBusinessLayer", "..\RestaurantBusinessLayer\RestaurantBusinessLayer.csproj", "{1EDE45B6-3ABF-4898-B0BB-9787D9AA60E6}"
EndProject
Project("{FAE04EC0-301F-11D3-BF4B-00C04F79EFBC}") = "RestaurantDataLayer", "..\RestaurantDataLayer\RestaurantDataLayer.csproj", "{11CD773E-5982-40CF-BAA7-0621CE17FE51}"
EndProject
Global
	GlobalSection(SolutionConfigurationPlatforms) = preSolution
		Debug|Any CPU = Debug|Any CPU
		Release|Any CPU = Release|Any CPU
	EndGlobalSection
	GlobalSection(ProjectConfigurationPlatforms) = postSolution
		{A1ADCD67-D0DE-4D9B-9906-3F10BE088360}.Debug|Any CPU.ActiveCfg = Debug|Any CPU
		{A1ADCD67-D0DE-4D9B-9906-3F10BE088360}.Debug|Any CPU.Build.0 = Debug|Any CPU
		{A1ADCD67-D0DE-4D9B-9906-3F10BE088360}.Release|Any CPU.ActiveCfg = Release|Any CPU
		{A1ADCD67-D0DE-4D9B-9906-3F10BE088360}.Release|Any CPU.Build.0 = Release|Any CPU
		{1EDE45B6-3ABF-4898-B0BB-9787D9AA60E6}.Debug|Any CPU.ActiveCfg = Debug|Any CPU
		{1EDE45B6-3ABF-4898-B0BB-9787D9AA60E6}.Debug|Any CPU.Build.0 = Debug|Any CPU
		{1EDE45B6-3ABF-4898-B0BB-9787D9AA60E6}.Release|Any CPU.ActiveCfg = Release|Any CPU
		{1EDE45B6-3ABF-4898-B0BB-9787D9AA60E6}.Release|Any CPU.Build.0 = Release|Any CPU
		{11CD773E-5982-40CF-BAA7-0621CE17FE51}.Debug|Any CPU.ActiveCfg = Debug|Any CPU
		{11CD773E-5982-40CF-BAA7-0621CE17FE51}.Debug|Any CPU.Build.0 = Debug|Any CPU
		{11CD773E-5982-40CF-BAA7-0621CE17FE51}.Release|Any CPU.ActiveCfg = Release|Any CPU
		{11CD773E-5982-40CF-BAA7-0621CE17FE51}.Release|Any CPU.Build.0 = Release|Any CPU
	EndGlobalSection
	GlobalSection(SolutionProperties) = preSolution
		HideSolutionNode = FALSE
	EndGlobalSection
	GlobalSection(ExtensibilityGlobals) = postSolution
		SolutionGuid = {0C13FF76-261C-4FCD-97D9-DE4612CB437E}
	EndGlobalSection
EndGlobal
